
Microsoft Visual Studio Solution File, Format Version 12.00
# Visual Studio 15
VisualStudioVersion = 15.0.27428.2043
MinimumVisualStudioVersion = 10.0.40219.1
Project("{FAE04EC0-301F-11D3-BF4B-00C04F79EFBC}") = "HelloWorld", "HelloWorld\HelloWorld.csproj", "{CB86C900-7737-46E1-924D-2488D691BEB0}"
EndProject
Global
	GlobalSection(SolutionConfigurationPlatforms) = preSolution
		Debug|Any CPU = Debug|Any CPU
		Release|Any CPU = Release|Any CPU
	EndGlobalSection
	GlobalSection(ProjectConfigurationPlatforms) = postSolution
		{CB86C900-7737-46E1-924D-2488D691BEB0}.Debug|Any CPU.ActiveCfg = Debug|Any CPU
		{CB86C900-7737-46E1-924D-2488D691BEB0}.Debug|Any CPU.Build.0 = Debug|Any CPU
		{CB86C900-7737-46E1-924D-2488D691BEB0}.Release|Any CPU.ActiveCfg = Release|Any CPU
		{CB86C900-7737-46E1-924D-2488D691BEB0}.Release|Any CPU.Build.0 = Release|Any CPU
	EndGlobalSection
	GlobalSection(SolutionProperties) = preSolution
		HideSolutionNode = FALSE
	EndGlobalSection
	GlobalSection(ExtensibilityGlobals) = postSolution
		SolutionGuid = {7B159EEC-EDB3-4A39-BAB1-07E4FD9933DB}
	EndGlobalSection
EndGlobal
